// !$*UTF8*$!
{
	archiveVersion = 1;
	classes = {
	};
	objectVersion = 46;
	objects = {

/* Begin PBXBuildFile section */
		C6BA6FE518AB586C009AB45A /* Foundation.framework in Frameworks */ = {isa = PBXBuildFile; fileRef = C6BA6FE418AB586C009AB45A /* Foundation.framework */; };
		C6BA6FE718AB586C009AB45A /* CoreGraphics.framework in Frameworks */ = {isa = PBXBuildFile; fileRef = C6BA6FE618AB586C009AB45A /* CoreGraphics.framework */; };
		C6BA6FE918AB586C009AB45A /* UIKit.framework in Frameworks */ = {isa = PBXBuildFile; fileRef = C6BA6FE818AB586C009AB45A /* UIKit.framework */; };
		C6BA6FEF18AB586C009AB45A /* InfoPlist.strings in Resources */ = {isa = PBXBuildFile; fileRef = C6BA6FED18AB586C009AB45A /* InfoPlist.strings */; };
		C6BA6FF118AB586C009AB45A /* main.m in Sources */ = {isa = PBXBuildFile; fileRef = C6BA6FF018AB586C009AB45A /* main.m */; };
		C6BA6FF518AB586C009AB45A /* AppDelegate.m in Sources */ = {isa = PBXBuildFile; fileRef = C6BA6FF418AB586C009AB45A /* AppDelegate.m */; };
		C6BA6FF818AB586C009AB45A /* Main_iPhone.storyboard in Resources */ = {isa = PBXBuildFile; fileRef = C6BA6FF618AB586C009AB45A /* Main_iPhone.storyboard */; };
		C6BA6FFB18AB586C009AB45A /* Main_iPad.storyboard in Resources */ = {isa = PBXBuildFile; fileRef = C6BA6FF918AB586C009AB45A /* Main_iPad.storyboard */; };
		C6BA6FFE18AB586C009AB45A /* ViewController.m in Sources */ = {isa = PBXBuildFile; fileRef = C6BA6FFD18AB586C009AB45A /* ViewController.m */; };
		C6BA700018AB586C009AB45A /* Images.xcassets in Resources */ = {isa = PBXBuildFile; fileRef = C6BA6FFF18AB586C009AB45A /* Images.xcassets */; };
		C6BA700718AB586C009AB45A /* XCTest.framework in Frameworks */ = {isa = PBXBuildFile; fileRef = C6BA700618AB586C009AB45A /* XCTest.framework */; };
		C6BA700818AB586C009AB45A /* Foundation.framework in Frameworks */ = {isa = PBXBuildFile; fileRef = C6BA6FE418AB586C009AB45A /* Foundation.framework */; };
		C6BA700918AB586C009AB45A /* UIKit.framework in Frameworks */ = {isa = PBXBuildFile; fileRef = C6BA6FE818AB586C009AB45A /* UIKit.framework */; };
		C6BA701118AB586C009AB45A /* InfoPlist.strings in Resources */ = {isa = PBXBuildFile; fileRef = C6BA700F18AB586C009AB45A /* InfoPlist.strings */; };
		C6BA701318AB586C009AB45A /* TKRContainerTableViewControllerTests.m in Sources */ = {isa = PBXBuildFile; fileRef = C6BA701218AB586C009AB45A /* TKRContainerTableViewControllerTests.m */; };
/* End PBXBuildFile section */

/* Begin PBXContainerItemProxy section */
		C6BA700A18AB586C009AB45A /* PBXContainerItemProxy */ = {
			isa = PBXContainerItemProxy;
			containerPortal = C6BA6FD918AB586C009AB45A /* Project object */;
			proxyType = 1;
			remoteGlobalIDString = C6BA6FE018AB586C009AB45A;
			remoteInfo = TKRContainerTableViewController;
		};
/* End PBXContainerItemProxy section */

/* Begin PBXFileReference section */
		C6BA6FE118AB586C009AB45A /* Demo.app */ = {isa = PBXFileReference; explicitFileType = wrapper.application; includeInIndex = 0; path = Demo.app; sourceTree = BUILT_PRODUCTS_DIR; };
		C6BA6FE418AB586C009AB45A /* Foundation.framework */ = {isa = PBXFileReference; lastKnownFileType = wrapper.framework; name = Foundation.framework; path = System/Library/Frameworks/Foundation.framework; sourceTree = SDKROOT; };
		C6BA6FE618AB586C009AB45A /* CoreGraphics.framework */ = {isa = PBXFileReference; lastKnownFileType = wrapper.framework; name = CoreGraphics.framework; path = System/Library/Frameworks/CoreGraphics.framework; sourceTree = SDKROOT; };
		C6BA6FE818AB586C009AB45A /* UIKit.framework */ = {isa = PBXFileReference; lastKnownFileType = wrapper.framework; name = UIKit.framework; path = System/Library/Frameworks/UIKit.framework; sourceTree = SDKROOT; };
		C6BA6FEC18AB586C009AB45A /* Demo-Info.plist */ = {isa = PBXFileReference; lastKnownFileType = text.plist.xml; path = "Demo-Info.plist"; sourceTree = "<group>"; };
		C6BA6FEE18AB586C009AB45A /* en */ = {isa = PBXFileReference; lastKnownFileType = text.plist.strings; name = en; path = en.lproj/InfoPlist.strings; sourceTree = "<group>"; };
		C6BA6FF018AB586C009AB45A /* main.m */ = {isa = PBXFileReference; lastKnownFileType = sourcecode.c.objc; path = main.m; sourceTree = "<group>"; };
		C6BA6FF218AB586C009AB45A /* Demo-Prefix.pch */ = {isa = PBXFileReference; lastKnownFileType = sourcecode.c.h; path = "Demo-Prefix.pch"; sourceTree = "<group>"; };
		C6BA6FF318AB586C009AB45A /* AppDelegate.h */ = {isa = PBXFileReference; lastKnownFileType = sourcecode.c.h; path = AppDelegate.h; sourceTree = "<group>"; };
		C6BA6FF418AB586C009AB45A /* AppDelegate.m */ = {isa = PBXFileReference; lastKnownFileType = sourcecode.c.objc; path = AppDelegate.m; sourceTree = "<group>"; };
		C6BA6FF718AB586C009AB45A /* Base */ = {isa = PBXFileReference; lastKnownFileType = file.storyboard; name = Base; path = Base.lproj/Main_iPhone.storyboard; sourceTree = "<group>"; };
		C6BA6FFA18AB586C009AB45A /* Base */ = {isa = PBXFileReference; lastKnownFileType = file.storyboard; name = Base; path = Base.lproj/Main_iPad.storyboard; sourceTree = "<group>"; };
		C6BA6FFC18AB586C009AB45A /* ViewController.h */ = {isa = PBXFileReference; lastKnownFileType = sourcecode.c.h; path = ViewController.h; sourceTree = "<group>"; };
		C6BA6FFD18AB586C009AB45A /* ViewController.m */ = {isa = PBXFileReference; lastKnownFileType = sourcecode.c.objc; path = ViewController.m; sourceTree = "<group>"; };
		C6BA6FFF18AB586C009AB45A /* Images.xcassets */ = {isa = PBXFileReference; lastKnownFileType = folder.assetcatalog; path = Images.xcassets; sourceTree = "<group>"; };
		C6BA700518AB586C009AB45A /* Tests.xctest */ = {isa = PBXFileReference; explicitFileType = wrapper.cfbundle; includeInIndex = 0; path = Tests.xctest; sourceTree = BUILT_PRODUCTS_DIR; };
		C6BA700618AB586C009AB45A /* XCTest.framework */ = {isa = PBXFileReference; lastKnownFileType = wrapper.framework; name = XCTest.framework; path = Library/Frameworks/XCTest.framework; sourceTree = DEVELOPER_DIR; };
		C6BA700E18AB586C009AB45A /* Tests-Info.plist */ = {isa = PBXFileReference; lastKnownFileType = text.plist.xml; path = "Tests-Info.plist"; sourceTree = "<group>"; };
		C6BA701018AB586C009AB45A /* en */ = {isa = PBXFileReference; lastKnownFileType = text.plist.strings; name = en; path = en.lproj/InfoPlist.strings; sourceTree = "<group>"; };
		C6BA701218AB586C009AB45A /* TKRContainerTableViewControllerTests.m */ = {isa = PBXFileReference; lastKnownFileType = sourcecode.c.objc; path = TKRContainerTableViewControllerTests.m; sourceTree = "<group>"; };
/* End PBXFileReference section */

/* Begin PBXFrameworksBuildPhase section */
		C6BA6FDE18AB586C009AB45A /* Frameworks */ = {
			isa = PBXFrameworksBuildPhase;
			buildActionMask = 2147483647;
			files = (
				C6BA6FE718AB586C009AB45A /* CoreGraphics.framework in Frameworks */,
				C6BA6FE918AB586C009AB45A /* UIKit.framework in Frameworks */,
				C6BA6FE518AB586C009AB45A /* Foundation.framework in Frameworks */,
			);
			runOnlyForDeploymentPostprocessing = 0;
		};
		C6BA700218AB586C009AB45A /* Frameworks */ = {
			isa = PBXFrameworksBuildPhase;
			buildActionMask = 2147483647;
			files = (
				C6BA700718AB586C009AB45A /* XCTest.framework in Frameworks */,
				C6BA700918AB586C009AB45A /* UIKit.framework in Frameworks */,
				C6BA700818AB586C009AB45A /* Foundation.framework in Frameworks */,
			);
			runOnlyForDeploymentPostprocessing = 0;
		};
/* End PBXFrameworksBuildPhase section */

/* Begin PBXGroup section */
		C6BA6FD818AB586C009AB45A = {
			isa = PBXGroup;
			children = (
				C6BA6FEA18AB586C009AB45A /* Demo */,
				C6BA700C18AB586C009AB45A /* Tests */,
				C6BA6FE318AB586C009AB45A /* Frameworks */,
				C6BA6FE218AB586C009AB45A /* Products */,
			);
			sourceTree = "<group>";
		};
		C6BA6FE218AB586C009AB45A /* Products */ = {
			isa = PBXGroup;
			children = (
				C6BA6FE118AB586C009AB45A /* Demo.app */,
				C6BA700518AB586C009AB45A /* Tests.xctest */,
			);
			name = Products;
			sourceTree = "<group>";
		};
		C6BA6FE318AB586C009AB45A /* Frameworks */ = {
			isa = PBXGroup;
			children = (
				C6BA6FE418AB586C009AB45A /* Foundation.framework */,
				C6BA6FE618AB586C009AB45A /* CoreGraphics.framework */,
				C6BA6FE818AB586C009AB45A /* UIKit.framework */,
				C6BA700618AB586C009AB45A /* XCTest.framework */,
			);
			name = Frameworks;
			sourceTree = "<group>";
		};
		C6BA6FEA18AB586C009AB45A /* Demo */ = {
			isa = PBXGroup;
			children = (
				C6BA6FF318AB586C009AB45A /* AppDelegate.h */,
				C6BA6FF418AB586C009AB45A /* AppDelegate.m */,
				C6BA6FF618AB586C009AB45A /* Main_iPhone.storyboard */,
				C6BA6FF918AB586C009AB45A /* Main_iPad.storyboard */,
				C6BA6FFC18AB586C009AB45A /* ViewController.h */,
				C6BA6FFD18AB586C009AB45A /* ViewController.m */,
				C6BA6FFF18AB586C009AB45A /* Images.xcassets */,
				C6BA6FEB18AB586C009AB45A /* Supporting Files */,
			);
			path = Demo;
			sourceTree = "<group>";
		};
		C6BA6FEB18AB586C009AB45A /* Supporting Files */ = {
			isa = PBXGroup;
			children = (
				C6BA6FEC18AB586C009AB45A /* Demo-Info.plist */,
				C6BA6FED18AB586C009AB45A /* InfoPlist.strings */,
				C6BA6FF018AB586C009AB45A /* main.m */,
				C6BA6FF218AB586C009AB45A /* Demo-Prefix.pch */,
			);
			name = "Supporting Files";
			sourceTree = "<group>";
		};
		C6BA700C18AB586C009AB45A /* Tests */ = {
			isa = PBXGroup;
			children = (
				C6BA701218AB586C009AB45A /* TKRContainerTableViewControllerTests.m */,
				C6BA700D18AB586C009AB45A /* Supporting Files */,
			);
			path = Tests;
			sourceTree = "<group>";
		};
		C6BA700D18AB586C009AB45A /* Supporting Files */ = {
			isa = PBXGroup;
			children = (
				C6BA700E18AB586C009AB45A /* Tests-Info.plist */,
				C6BA700F18AB586C009AB45A /* InfoPlist.strings */,
			);
			name = "Supporting Files";
			sourceTree = "<group>";
		};
/* End PBXGroup section */

/* Begin PBXNativeTarget section */
		C6BA6FE018AB586C009AB45A /* Demo */ = {
			isa = PBXNativeTarget;
			buildConfigurationList = C6BA701618AB586C009AB45A /* Build configuration list for PBXNativeTarget "Demo" */;
			buildPhases = (
				C6BA6FDD18AB586C009AB45A /* Sources */,
				C6BA6FDE18AB586C009AB45A /* Frameworks */,
				C6BA6FDF18AB586C009AB45A /* Resources */,
			);
			buildRules = (
			);
			dependencies = (
			);
			name = Demo;
			productName = TKRContainerTableViewController;
			productReference = C6BA6FE118AB586C009AB45A /* Demo.app */;
			productType = "com.apple.product-type.application";
		};
		C6BA700418AB586C009AB45A /* Tests */ = {
			isa = PBXNativeTarget;
			buildConfigurationList = C6BA701918AB586C009AB45A /* Build configuration list for PBXNativeTarget "Tests" */;
			buildPhases = (
				C6BA700118AB586C009AB45A /* Sources */,
				C6BA700218AB586C009AB45A /* Frameworks */,
				C6BA700318AB586C009AB45A /* Resources */,
			);
			buildRules = (
			);
			dependencies = (
				C6BA700B18AB586C009AB45A /* PBXTargetDependency */,
			);
			name = Tests;
			productName = TKRContainerTableViewControllerTests;
			productReference = C6BA700518AB586C009AB45A /* Tests.xctest */;
			productType = "com.apple.product-type.bundle.unit-test";
		};
/* End PBXNativeTarget section */

/* Begin PBXProject section */
		C6BA6FD918AB586C009AB45A /* Project object */ = {
			isa = PBXProject;
			attributes = {
				LastUpgradeCheck = 0500;
				ORGANIZATIONNAME = me;
				TargetAttributes = {
					C6BA700418AB586C009AB45A = {
						TestTargetID = C6BA6FE018AB586C009AB45A;
					};
				};
			};
			buildConfigurationList = C6BA6FDC18AB586C009AB45A /* Build configuration list for PBXProject "TKRContainerTableViewController" */;
			compatibilityVersion = "Xcode 3.2";
			developmentRegion = English;
			hasScannedForEncodings = 0;
			knownRegions = (
				en,
				Base,
			);
			mainGroup = C6BA6FD818AB586C009AB45A;
			productRefGroup = C6BA6FE218AB586C009AB45A /* Products */;
			projectDirPath = "";
			projectRoot = "";
			targets = (
				C6BA6FE018AB586C009AB45A /* Demo */,
				C6BA700418AB586C009AB45A /* Tests */,
			);
		};
/* End PBXProject section */

/* Begin PBXResourcesBuildPhase section */
		C6BA6FDF18AB586C009AB45A /* Resources */ = {
			isa = PBXResourcesBuildPhase;
			buildActionMask = 2147483647;
			files = (
				C6BA6FFB18AB586C009AB45A /* Main_iPad.storyboard in Resources */,
				C6BA700018AB586C009AB45A /* Images.xcassets in Resources */,
				C6BA6FF818AB586C009AB45A /* Main_iPhone.storyboard in Resources */,
				C6BA6FEF18AB586C009AB45A /* InfoPlist.strings in Resources */,
			);
			runOnlyForDeploymentPostprocessing = 0;
		};
		C6BA700318AB586C009AB45A /* Resources */ = {
			isa = PBXResourcesBuildPhase;
			buildActionMask = 2147483647;
			files = (
				C6BA701118AB586C009AB45A /* InfoPlist.strings in Resources */,
			);
			runOnlyForDeploymentPostprocessing = 0;
		};
/* End PBXResourcesBuildPhase section */

/* Begin PBXSourcesBuildPhase section */
		C6BA6FDD18AB586C009AB45A /* Sources */ = {
			isa = PBXSourcesBuildPhase;
			buildActionMask = 2147483647;
			files = (
				C6BA6FFE18AB586C009AB45A /* ViewController.m in Sources */,
				C6BA6FF518AB586C009AB45A /* AppDelegate.m in Sources */,
				C6BA6FF118AB586C009AB45A /* main.m in Sources */,
			);
			runOnlyForDeploymentPostprocessing = 0;
		};
		C6BA700118AB586C009AB45A /* Sources */ = {
			isa = PBXSourcesBuildPhase;
			buildActionMask = 2147483647;
			files = (
				C6BA701318AB586C009AB45A /* TKRContainerTableViewControllerTests.m in Sources */,
			);
			runOnlyForDeploymentPostprocessing = 0;
		};
/* End PBXSourcesBuildPhase section */

/* Begin PBXTargetDependency section */
		C6BA700B18AB586C009AB45A /* PBXTargetDependency */ = {
			isa = PBXTargetDependency;
			target = C6BA6FE018AB586C009AB45A /* Demo */;
			targetProxy = C6BA700A18AB586C009AB45A /* PBXContainerItemProxy */;
		};
/* End PBXTargetDependency section */

/* Begin PBXVariantGroup section */
		C6BA6FED18AB586C009AB45A /* InfoPlist.strings */ = {
			isa = PBXVariantGroup;
			children = (
				C6BA6FEE18AB586C009AB45A /* en */,
			);
			name = InfoPlist.strings;
			sourceTree = "<group>";
		};
		C6BA6FF618AB586C009AB45A /* Main_iPhone.storyboard */ = {
			isa = PBXVariantGroup;
			children = (
				C6BA6FF718AB586C009AB45A /* Base */,
			);
			name = Main_iPhone.storyboard;
			sourceTree = "<group>";
		};
		C6BA6FF918AB586C009AB45A /* Main_iPad.storyboard */ = {
			isa = PBXVariantGroup;
			children = (
				C6BA6FFA18AB586C009AB45A /* Base */,
			);
			name = Main_iPad.storyboard;
			sourceTree = "<group>";
		};
		C6BA700F18AB586C009AB45A /* InfoPlist.strings */ = {
			isa = PBXVariantGroup;
			children = (
				C6BA701018AB586C009AB45A /* en */,
			);
			name = InfoPlist.strings;
			sourceTree = "<group>";
		};
/* End PBXVariantGroup section */

/* Begin XCBuildConfiguration section */
		C6BA701418AB586C009AB45A /* Debug */ = {
			isa = XCBuildConfiguration;
			buildSettings = {
				ALWAYS_SEARCH_USER_PATHS = NO;
				ARCHS = "$(ARCHS_STANDARD_INCLUDING_64_BIT)";
				CLANG_CXX_LANGUAGE_STANDARD = "gnu++0x";
				CLANG_CXX_LIBRARY = "libc++";
				CLANG_ENABLE_MODULES = YES;
				CLANG_ENABLE_OBJC_ARC = YES;
				CLANG_WARN_BOOL_CONVERSION = YES;
				CLANG_WARN_CONSTANT_CONVERSION = YES;
				CLANG_WARN_DIRECT_OBJC_ISA_USAGE = YES_ERROR;
				CLANG_WARN_EMPTY_BODY = YES;
				CLANG_WARN_ENUM_CONVERSION = YES;
				CLANG_WARN_INT_CONVERSION = YES;
				CLANG_WARN_OBJC_ROOT_CLASS = YES_ERROR;
				CLANG_WARN__DUPLICATE_METHOD_MATCH = YES;
				"CODE_SIGN_IDENTITY[sdk=iphoneos*]" = "iPhone Developer";
				COPY_PHASE_STRIP = NO;
				GCC_C_LANGUAGE_STANDARD = gnu99;
				GCC_DYNAMIC_NO_PIC = NO;
				GCC_OPTIMIZATION_LEVEL = 0;
				GCC_PREPROCESSOR_DEFINITIONS = (
					"DEBUG=1",
					"$(inherited)",
				);
				GCC_SYMBOLS_PRIVATE_EXTERN = NO;
				GCC_WARN_64_TO_32_BIT_CONVERSION = YES;
				GCC_WARN_ABOUT_RETURN_TYPE = YES_ERROR;
				GCC_WARN_UNDECLARED_SELECTOR = YES;
				GCC_WARN_UNINITIALIZED_AUTOS = YES;
				GCC_WARN_UNUSED_FUNCTION = YES;
				GCC_WARN_UNUSED_VARIABLE = YES;
				IPHONEOS_DEPLOYMENT_TARGET = 7.0;
				ONLY_ACTIVE_ARCH = YES;
				SDKROOT = iphoneos;
				TARGETED_DEVICE_FAMILY = "1,2";
			};
			name = Debug;
		};
		C6BA701518AB586C009AB45A /* Release */ = {
			isa = XCBuildConfiguration;
			buildSettings = {
				ALWAYS_SEARCH_USER_PATHS = NO;
				ARCHS = "$(ARCHS_STANDARD_INCLUDING_64_BIT)";
				CLANG_CXX_LANGUAGE_STANDARD = "gnu++0x";
				CLANG_CXX_LIBRARY = "libc++";
				CLANG_ENABLE_MODULES = YES;
				CLANG_ENABLE_OBJC_ARC = YES;
				CLANG_WARN_BOOL_CONVERSION = YES;
				CLANG_WARN_CONSTANT_CONVERSION = YES;
				CLANG_WARN_DIRECT_OBJC_ISA_USAGE = YES_ERROR;
				CLANG_WARN_EMPTY_BODY = YES;
				CLANG_WARN_ENUM_CONVERSION = YES;
				CLANG_WARN_INT_CONVERSION = YES;
				CLANG_WARN_OBJC_ROOT_CLASS = YES_ERROR;
				CLANG_WARN__DUPLICATE_METHOD_MATCH = YES;
				"CODE_SIGN_IDENTITY[sdk=iphoneos*]" = "iPhone Developer";
				COPY_PHASE_STRIP = YES;
				ENABLE_NS_ASSERTIONS = NO;
				GCC_C_LANGUAGE_STANDARD = gnu99;
				GCC_WARN_64_TO_32_BIT_CONVERSION = YES;
				GCC_WARN_ABOUT_RETURN_TYPE = YES_ERROR;
				GCC_WARN_UNDECLARED_SELECTOR = YES;
				GCC_WARN_UNINITIALIZED_AUTOS = YES;
				GCC_WARN_UNUSED_FUNCTION = YES;
				GCC_WARN_UNUSED_VARIABLE = YES;
				IPHONEOS_DEPLOYMENT_TARGET = 7.0;
				SDKROOT = iphoneos;
				TARGETED_DEVICE_FAMILY = "1,2";
				VALIDATE_PRODUCT = YES;
			};
			name = Release;
		};
		C6BA701718AB586C009AB45A /* Debug */ = {
			isa = XCBuildConfiguration;
			buildSettings = {
				ASSETCATALOG_COMPILER_APPICON_NAME = AppIcon;
				ASSETCATALOG_COMPILER_LAUNCHIMAGE_NAME = LaunchImage;
				GCC_PRECOMPILE_PREFIX_HEADER = YES;
				GCC_PREFIX_HEADER = "Demo/Demo-Prefix.pch";
				INFOPLIST_FILE = "Demo/Demo-Info.plist";
				PRODUCT_NAME = "$(TARGET_NAME)";
				WRAPPER_EXTENSION = app;
			};
			name = Debug;
		};
		C6BA701818AB586C009AB45A /* Release */ = {
			isa = XCBuildConfiguration;
			buildSettings = {
				ASSETCATALOG_COMPILER_APPICON_NAME = AppIcon;
				ASSETCATALOG_COMPILER_LAUNCHIMAGE_NAME = LaunchImage;
				GCC_PRECOMPILE_PREFIX_HEADER = YES;
				GCC_PREFIX_HEADER = "Demo/Demo-Prefix.pch";
				INFOPLIST_FILE = "Demo/Demo-Info.plist";
				PRODUCT_NAME = "$(TARGET_NAME)";
				WRAPPER_EXTENSION = app;
			};
			name = Release;
		};
		C6BA701A18AB586C009AB45A /* Debug */ = {
			isa = XCBuildConfiguration;
			buildSettings = {
				ARCHS = "$(ARCHS_STANDARD_INCLUDING_64_BIT)";
				BUNDLE_LOADER = "$(BUILT_PRODUCTS_DIR)/Demo.app/Demo";
				FRAMEWORK_SEARCH_PATHS = (
					"$(SDKROOT)/Developer/Library/Frameworks",
					"$(inherited)",
					"$(DEVELOPER_FRAMEWORKS_DIR)",
				);
				GCC_PRECOMPILE_PREFIX_HEADER = YES;
				GCC_PREFIX_HEADER = "Demo/Demo-Prefix.pch";
				GCC_PREPROCESSOR_DEFINITIONS = (
					"DEBUG=1",
					"$(inherited)",
				);
				INFOPLIST_FILE = "Tests/Tests-Info.plist";
				PRODUCT_NAME = "$(TARGET_NAME)";
				TEST_HOST = "$(BUNDLE_LOADER)";
				WRAPPER_EXTENSION = xctest;
			};
			name = Debug;
		};
		C6BA701B18AB586C009AB45A /* Release */ = {
			isa = XCBuildConfiguration;
			buildSettings = {
				ARCHS = "$(ARCHS_STANDARD_INCLUDING_64_BIT)";
				BUNDLE_LOADER = "$(BUILT_PRODUCTS_DIR)/Demo.app/Demo";
				FRAMEWORK_SEARCH_PATHS = (
					"$(SDKROOT)/Developer/Library/Frameworks",
					"$(inherited)",
					"$(DEVELOPER_FRAMEWORKS_DIR)",
				);
				GCC_PRECOMPILE_PREFIX_HEADER = YES;
				GCC_PREFIX_HEADER = "Demo/Demo-Prefix.pch";
				INFOPLIST_FILE = "Tests/Tests-Info.plist";
				PRODUCT_NAME = "$(TARGET_NAME)";
				TEST_HOST = "$(BUNDLE_LOADER)";
				WRAPPER_EXTENSION = xctest;
			};
			name = Release;
		};
/* End XCBuildConfiguration section */

/* Begin XCConfigurationList section */
		C6BA6FDC18AB586C009AB45A /* Build configuration list for PBXProject "TKRContainerTableViewController" */ = {
			isa = XCConfigurationList;
			buildConfigurations = (
				C6BA701418AB586C009AB45A /* Debug */,
				C6BA701518AB586C009AB45A /* Release */,
			);
			defaultConfigurationIsVisible = 0;
			defaultConfigurationName = Release;
		};
		C6BA701618AB586C009AB45A /* Build configuration list for PBXNativeTarget "Demo" */ = {
			isa = XCConfigurationList;
			buildConfigurations = (
				C6BA701718AB586C009AB45A /* Debug */,
				C6BA701818AB586C009AB45A /* Release */,
			);
			defaultConfigurationIsVisible = 0;
		};
		C6BA701918AB586C009AB45A /* Build configuration list for PBXNativeTarget "Tests" */ = {
			isa = XCConfigurationList;
			buildConfigurations = (
				C6BA701A18AB586C009AB45A /* Debug */,
				C6BA701B18AB586C009AB45A /* Release */,
			);
			defaultConfigurationIsVisible = 0;
		};
/* End XCConfigurationList section */
	};
	rootObject = C6BA6FD918AB586C009AB45A /* Project object */;
}
